{
    "_readme": [
        "This file locks the dependencies of your project to a known state",
        "Read more about it at https://getcomposer.org/doc/01-basic-usage.md#composer-lock-the-lock-file",
        "This file is @generated automatically"
    ],
    "content-hash": "7821e10ac1f1a01c1269570ce3c27930",
    "packages": [
        {
            "name": "amphp/aerys",
            "version": "dev-amp_v2",
            "source": {
                "type": "git",
                "url": "https://github.com/amphp/aerys.git",
                "reference": "b43d9babb5e48dacc09dcf55d6ca445d1de3236d"
            },
            "dist": {
                "type": "zip",
                "url": "https://api.github.com/repos/amphp/aerys/zipball/b43d9babb5e48dacc09dcf55d6ca445d1de3236d",
                "reference": "b43d9babb5e48dacc09dcf55d6ca445d1de3236d",
                "shasum": ""
            },
            "require": {
                "amphp/amp": "dev-master as 2.0",
                "amphp/file": "dev-amp_v2",
                "amphp/socket": "dev-amp_v2",
                "league/climate": "^3",
                "nikic/fast-route": "^1",
                "php": ">=7.0.0",
                "psr/log": "^1"
            },
            "require-dev": {
                "amphp/artax": "dev-amp_v2",
                "amphp/loop": "dev-master",
                "friendsofphp/php-cs-fixer": "~1.9",
                "http2jp/hpack-test-case": "1.0",
                "phpunit/phpunit": "^5.2"
            },
            "bin": [
                "bin/aerys"
            ],
            "type": "library",
            "extra": {
                "branch-alias": {
                    "dev-master": "0.4.0-dev"
                }
            },
            "autoload": {
                "psr-4": {
                    "Aerys\\": "lib/"
                },
                "files": [
                    "lib/functions.php",
                    "lib/constants.php",
                    "lib/Internal/functions.php"
                ]
            },
            "notification-url": "https://packagist.org/downloads/",
            "license": [
                "MIT"
            ],
            "authors": [
                {
                    "name": "Daniel Lowrey",
                    "email": "rdlowrey@php.net",
                    "role": "Creator / Lead Developer"
                },
                {
                    "name": "Bob Weinand",
                    "role": "Developer / API Coordinator"
                },
                {
                    "name": "Niklas Keller",
                    "role": "Quality Assurance / Developer"
                }
            ],
            "description": "A non-blocking HTTP/Websocket server",
            "homepage": "https://github.com/amphp/aerys",
            "keywords": [
                "aerys",
                "amp",
                "amphp",
                "async",
                "http",
                "non-blocking",
                "server",
                "websocket"
            ],
            "time": "2017-02-08 00:52:21"
        },
        {
            "name": "amphp/amp",
            "version": "dev-master",
            "source": {
                "type": "git",
                "url": "https://github.com/amphp/amp.git",
                "reference": "1369f5fd470bed057d568ac782580597731a9f2b"
            },
            "dist": {
                "type": "zip",
                "url": "https://api.github.com/repos/amphp/amp/zipball/1369f5fd470bed057d568ac782580597731a9f2b",
                "reference": "1369f5fd470bed057d568ac782580597731a9f2b",
                "shasum": ""
            },
            "require": {
                "async-interop/event-loop": "^0.5",
                "async-interop/event-loop-implementation": "^0.5",
                "async-interop/promise": "^0.4",
                "php": ">=7"
            },
            "require-dev": {
                "amphp/loop": "dev-master",
                "async-interop/promise-test": "^0.4.1",
                "friendsofphp/php-cs-fixer": "~1.9",
                "humbug/humbug": "^1@dev",
                "phpunit/phpunit": "^5.7"
            },
            "type": "library",
            "extra": {
                "branch-alias": {
                    "dev-master": "2.0.x-dev"
                }
            },
            "autoload": {
                "psr-4": {
                    "Amp\\": "lib/"
                },
                "files": [
                    "lib/bootstrap.php",
                    "lib/functions.php"
                ]
            },
            "notification-url": "https://packagist.org/downloads/",
            "license": [
                "MIT"
            ],
            "authors": [
                {
                    "name": "Daniel Lowrey",
                    "email": "rdlowrey@php.net",
                    "role": "Creator / Lead Developer"
                },
                {
                    "name": "Aaron Piotrowski",
                    "email": "aaron@trowski.com",
                    "role": "v2.0 Developer"
                }
            ],
            "description": "A non-blocking concurrency framework for PHP applications",
            "homepage": "https://github.com/amphp/amp",
            "keywords": [
                "async",
                "asynchronous",
                "awaitable",
                "concurrency",
                "event",
                "future",
                "non-blocking",
                "promise"
            ],
            "time": "2017-02-10 15:41:43"
        },
        {
            "name": "amphp/cache",
            "version": "dev-amp_v2",
            "source": {
                "type": "git",
                "url": "https://github.com/amphp/cache.git",
                "reference": "eb4004bb2ae89f80fb01bb0aed272770f3d41c83"
            },
            "dist": {
                "type": "zip",
                "url": "https://api.github.com/repos/amphp/cache/zipball/eb4004bb2ae89f80fb01bb0aed272770f3d41c83",
                "reference": "eb4004bb2ae89f80fb01bb0aed272770f3d41c83",
                "shasum": ""
            },
            "require": {
                "amphp/amp": "dev-master as 2.0",
                "async-interop/event-loop": "^0.5"
            },
            "require-dev": {
                "amphp/loop": "dev-master",
                "friendsofphp/php-cs-fixer": "~1.9",
                "phpunit/phpunit": "^5"
            },
            "suggest": {
                "amphp/redis": "For redis cache driver support"
            },
            "type": "library",
            "autoload": {
                "psr-4": {
                    "Amp\\Cache\\": "lib/"
                }
            },
            "notification-url": "https://packagist.org/downloads/",
            "license": [
                "MIT"
            ],
            "authors": [
                {
                    "name": "Niklas Keller",
                    "email": "me@kelunik.com"
                },
                {
                    "name": "Daniel Lowrey",
                    "email": "rdlowrey@php.net"
                }
            ],
            "description": "A promise-aware caching API built on the amp concurrency framework",
            "homepage": "https://github.com/amphp/cache",
            "time": "2017-01-11 13:14:16"
        },
        {
            "name": "amphp/dns",
            "version": "dev-amp_v2",
            "source": {
                "type": "git",
                "url": "https://github.com/amphp/dns.git",
                "reference": "badf3a91003814ce574030a3d695978099d15301"
            },
            "dist": {
                "type": "zip",
                "url": "https://api.github.com/repos/amphp/dns/zipball/badf3a91003814ce574030a3d695978099d15301",
                "reference": "badf3a91003814ce574030a3d695978099d15301",
                "shasum": ""
            },
            "require": {
                "amphp/amp": "dev-master as 2.0",
                "amphp/cache": "dev-amp_v2 as 0.2",
                "amphp/file": "dev-amp_v2 as 0.2",
                "amphp/windows-registry": "dev-amp_v2 as 0.3",
                "daverandom/libdns": "^1",
                "php": ">=7.0"
            },
            "require-dev": {
                "amphp/loop": "dev-master",
                "friendsofphp/php-cs-fixer": "^1.9",
                "phpunit/phpunit": "^5.2.8"
            },
            "type": "library",
            "autoload": {
                "psr-4": {
                    "Amp\\Dns\\": "lib"
                },
                "files": [
                    "lib/constants.php",
                    "lib/functions.php"
                ]
            },
            "notification-url": "https://packagist.org/downloads/",
            "license": [
                "MIT"
            ],
            "authors": [
                {
                    "name": "Bob Weinand",
                    "email": "bobwei9@hotmail.com"
                },
                {
                    "name": "Niklas Keller",
                    "email": "me@kelunik.com"
                },
                {
                    "name": "Daniel Lowrey",
                    "email": "rdlowrey@php.net"
                },
                {
                    "name": "Chris Wright",
                    "email": "addr@daverandom.com"
                }
            ],
            "description": "Async DNS resolution built on the amp concurrency framework",
            "homepage": "https://github.com/amphp/dns",
            "keywords": [
                "amp",
                "async",
                "client",
                "dns",
                "resolve"
            ],
            "time": "2017-01-25 15:36:19"
        },
        {
            "name": "amphp/file",
            "version": "dev-amp_v2",
            "source": {
                "type": "git",
                "url": "https://github.com/amphp/file.git",
                "reference": "0d76557e8e1295de7c9b276710aed6a23178e5a3"
            },
            "dist": {
                "type": "zip",
                "url": "https://api.github.com/repos/amphp/file/zipball/0d76557e8e1295de7c9b276710aed6a23178e5a3",
                "reference": "0d76557e8e1295de7c9b276710aed6a23178e5a3",
                "shasum": ""
            },
            "require": {
                "amphp/amp": "dev-master as 2.0",
                "async-interop/event-loop": "^0.5",
                "async-interop/promise": "^0.4"
            },
            "require-dev": {
                "amphp/loop": "dev-master",
                "amphp/parallel": "dev-master as 0.1",
                "friendsofphp/php-cs-fixer": "~1.9",
                "phpunit/phpunit": "^5.0"
            },
            "suggest": {
                "amphp/parallel": "Provides async file access without the eio or uv extension."
            },
            "type": "library",
            "extra": {
                "branch-alias": {
                    "dev-master": "0.1.0-dev",
                    "dev-amp_v2": "0.2.0-dev"
                }
            },
            "autoload": {
                "psr-4": {
                    "Amp\\File\\": "lib"
                },
                "files": [
                    "lib/functions.php"
                ]
            },
            "notification-url": "https://packagist.org/downloads/",
            "license": [
                "MIT"
            ],
            "authors": [
                {
                    "name": "Daniel Lowrey",
                    "email": "rdlowrey@php.net"
                },
                {
                    "name": "Aaron Piotrowski",
                    "email": "aaron@trowski.com"
                }
            ],
            "description": "An async filesystem library built on the amp concurrency framework",
            "homepage": "https://github.com/amphp/file",
            "keywords": [
                "amp",
                "amphp",
                "async",
                "disk",
                "file",
                "non-blocking",
                "static"
            ],
            "time": "2017-01-11 16:29:14"
        },
        {
            "name": "amphp/loop",
            "version": "dev-master",
            "source": {
                "type": "git",
                "url": "https://github.com/amphp/loop.git",
                "reference": "302a5c714c2700d32ca9444be09f21b2835b213f"
            },
            "dist": {
                "type": "zip",
                "url": "https://api.github.com/repos/amphp/loop/zipball/302a5c714c2700d32ca9444be09f21b2835b213f",
                "reference": "302a5c714c2700d32ca9444be09f21b2835b213f",
                "shasum": ""
            },
            "require": {
                "async-interop/event-loop": "^0.5"
            },
            "provide": {
                "async-interop/event-loop-implementation": "0.5"
            },
            "require-dev": {
                "async-interop/event-loop-test": "^0.5",
                "friendsofphp/php-cs-fixer": "~1.9"
            },
            "type": "library",
            "autoload": {
                "psr-4": {
                    "Amp\\Loop\\": "lib"
                },
                "files": [
                    "lib/bootstrap.php"
                ]
            },
            "notification-url": "https://packagist.org/downloads/",
            "license": [
                "MIT"
            ],
            "homepage": "http://amphp.org",
            "keywords": [
                "async",
                "asynchronous",
                "event",
                "loop",
                "reactor"
            ],
            "time": "2017-02-17 06:02:04"
        },
        {
            "name": "amphp/process",
            "version": "dev-amp_v2",
            "source": {
                "type": "git",
                "url": "https://github.com/amphp/process.git",
                "reference": "37cf53aa278ccf5806ad5c6a8a83abae40caee0d"
            },
            "dist": {
                "type": "zip",
                "url": "https://api.github.com/repos/amphp/process/zipball/37cf53aa278ccf5806ad5c6a8a83abae40caee0d",
                "reference": "37cf53aa278ccf5806ad5c6a8a83abae40caee0d",
                "shasum": ""
            },
            "require": {
                "amphp/amp": "dev-master as 2.0"
            },
            "require-dev": {
                "amphp/loop": "dev-master",
                "friendsofphp/php-cs-fixer": "~1.9",
                "phpunit/phpunit": "^5.0"
            },
            "type": "library",
            "autoload": {
                "psr-4": {
                    "Amp\\Process\\": "lib"
                }
            },
            "notification-url": "https://packagist.org/downloads/",
            "license": [
                "MIT"
            ],
            "authors": [
                {
                    "name": "Bob Weinand",
                    "email": "bobwei9@hotmail.com"
                },
                {
                    "name": "Aaron Piotrowski",
                    "email": "aaron@trowski.com"
                }
            ],
            "description": "Asynchronous process manager",
            "homepage": "https://github.com/amphp/process",
            "time": "2017-02-03 22:32:30"
        },
        {
            "name": "amphp/socket",
            "version": "dev-amp_v2",
            "source": {
                "type": "git",
                "url": "https://github.com/amphp/socket.git",
                "reference": "0bbf94b246b104e4945fd5a3026bfc7f91469c9a"
            },
            "dist": {
                "type": "zip",
                "url": "https://api.github.com/repos/amphp/socket/zipball/0bbf94b246b104e4945fd5a3026bfc7f91469c9a",
                "reference": "0bbf94b246b104e4945fd5a3026bfc7f91469c9a",
                "shasum": ""
            },
            "require": {
                "amphp/amp": "dev-master as 2.0",
                "amphp/dns": "dev-amp_v2 as 0.2",
                "amphp/stream": "dev-master as 0.1",
                "php": ">=7.0"
            },
            "require-dev": {
                "amphp/loop": "dev-master",
                "friendsofphp/php-cs-fixer": "~1.9",
                "phpunit/phpunit": "^4|^5"
            },
            "type": "library",
            "autoload": {
                "psr-4": {
                    "Amp\\Socket\\": "lib/"
                },
                "files": [
                    "lib/functions.php",
                    "lib/Internal/functions.php"
                ]
            },
            "notification-url": "https://packagist.org/downloads/",
            "license": [
                "MIT"
            ],
            "authors": [
                {
                    "name": "Daniel Lowrey",
                    "email": "rdlowrey@gmail.com"
                },
                {
                    "name": "Aaron Piotrowski",
                    "email": "aaron@trowski.com"
                }
            ],
            "description": "Async socket connection tools for the amp concurrency framework",
            "homepage": "https://github.com/amphp/socket",
            "keywords": [
                "amp",
                "async",
                "encryption",
                "non-blocking",
                "sockets",
                "tcp",
                "tls"
            ],
            "time": "2017-01-18 16:34:50"
        },
        {
            "name": "amphp/stream",
            "version": "dev-master",
            "source": {
                "type": "git",
                "url": "https://github.com/amphp/stream.git",
                "reference": "4c5b7f539b3efbf932baf139965a768e7f20902d"
            },
            "dist": {
                "type": "zip",
                "url": "https://api.github.com/repos/amphp/stream/zipball/4c5b7f539b3efbf932baf139965a768e7f20902d",
                "reference": "4c5b7f539b3efbf932baf139965a768e7f20902d",
                "shasum": ""
            },
            "require": {
                "amphp/amp": "dev-master as 2.0"
            },
            "require-dev": {
                "amphp/loop": "dev-master",
                "friendsofphp/php-cs-fixer": "~1.9",
                "phpunit/phpunit": "^5"
            },
            "type": "library",
            "autoload": {
                "psr-4": {
                    "Amp\\Stream\\": "lib/"
                },
                "files": [
                    "lib/functions.php",
                    "lib/Internal/functions.php"
                ]
            },
            "notification-url": "https://packagist.org/downloads/",
            "license": [
                "MIT"
            ],
            "authors": [
                {
                    "name": "Aaron Piotrowski",
                    "email": "aaron@trowski.com"
                }
            ],
            "description": "Async streams for the amp concurrency framework",
            "homepage": "https://github.com/amphp/stream",
            "keywords": [
                "amp",
                "async",
                "non-blocking",
                "stream"
            ],
            "time": "2017-01-09 16:53:42"
        },
        {
            "name": "amphp/windows-registry",
            "version": "dev-amp_v2",
            "source": {
                "type": "git",
                "url": "https://github.com/amphp/windows-registry.git",
                "reference": "b3fa7b624defbd6a4b584be619208640643c2d3a"
            },
            "dist": {
                "type": "zip",
                "url": "https://api.github.com/repos/amphp/windows-registry/zipball/b3fa7b624defbd6a4b584be619208640643c2d3a",
                "reference": "b3fa7b624defbd6a4b584be619208640643c2d3a",
                "shasum": ""
            },
            "require": {
                "amphp/amp": "dev-master as 2.0",
                "amphp/process": "dev-amp_v2 as 0.2"
            },
            "require-dev": {
                "amphp/loop": "dev-master"
            },
            "type": "library",
            "autoload": {
                "psr-4": {
                    "Amp\\WindowsRegistry\\": "lib"
                }
            },
            "notification-url": "https://packagist.org/downloads/",
            "license": [
                "MIT"
            ],
            "authors": [
                {
                    "name": "Niklas Keller",
                    "email": "me@kelunik.com"
                }
            ],
            "description": "Windows Registry Reader.",
            "time": "2017-01-15 16:17:25"
        },
        {
            "name": "async-interop/event-loop",
            "version": "v0.5.0",
            "source": {
                "type": "git",
                "url": "https://github.com/async-interop/event-loop.git",
                "reference": "372272601b3f43064bd06e90fa1c8f3a009accd8"
            },
            "dist": {
                "type": "zip",
                "url": "https://api.github.com/repos/async-interop/event-loop/zipball/372272601b3f43064bd06e90fa1c8f3a009accd8",
                "reference": "372272601b3f43064bd06e90fa1c8f3a009accd8",
                "shasum": ""
            },
            "require": {
                "php": ">=5.5.0"
            },
            "require-dev": {
                "jakub-onderka/php-console-highlighter": "^0.3.2",
                "jakub-onderka/php-parallel-lint": "^0.9.2",
                "phpunit/phpunit": "^4|^5"
            },
            "type": "library",
            "autoload": {
                "psr-4": {
                    "AsyncInterop\\": "src"
                }
            },
            "notification-url": "https://packagist.org/downloads/",
            "license": [
                "MIT"
            ],
            "description": "An event loop interface for interoperability.",
            "keywords": [
                "async",
                "event",
                "interop",
                "loop"
            ],
            "time": "2017-01-05T10:19:16+00:00"
        },
        {
            "name": "async-interop/promise",
            "version": "v0.4.0",
            "source": {
                "type": "git",
                "url": "https://github.com/async-interop/promise.git",
                "reference": "511ae43724719c2419712fa3ebeb020ab94633d0"
            },
            "dist": {
                "type": "zip",
                "url": "https://api.github.com/repos/async-interop/promise/zipball/511ae43724719c2419712fa3ebeb020ab94633d0",
                "reference": "511ae43724719c2419712fa3ebeb020ab94633d0",
                "shasum": ""
            },
            "require": {
                "php": ">=5.4.0"
            },
            "require-dev": {
                "jakub-onderka/php-console-highlighter": "^0.3.2",
                "jakub-onderka/php-parallel-lint": "^0.9.2",
                "phpunit/phpunit": "^4|^5"
            },
            "type": "library",
            "autoload": {
                "psr-4": {
                    "AsyncInterop\\": "src"
                }
            },
            "notification-url": "https://packagist.org/downloads/",
            "license": [
                "MIT"
            ],
            "description": "A promise interface for interoperability in async operations.",
            "keywords": [
                "async",
                "awaitable",
                "future",
                "interop",
                "promise"
            ],
            "time": "2017-01-06T20:45:59+00:00"
        },
        {
            "name": "daverandom/libdns",
            "version": "v1.1.0",
            "source": {
                "type": "git",
                "url": "https://github.com/DaveRandom/LibDNS.git",
                "reference": "67de5497e84d179dffc089c5eb6a1945eb4e9460"
            },
            "dist": {
                "type": "zip",
                "url": "https://api.github.com/repos/DaveRandom/LibDNS/zipball/67de5497e84d179dffc089c5eb6a1945eb4e9460",
                "reference": "67de5497e84d179dffc089c5eb6a1945eb4e9460",
                "shasum": ""
            },
            "require": {
                "php": ">=5.4.0"
            },
            "type": "library",
            "autoload": {
                "psr-4": {
                    "LibDNS\\": "src/"
                }
            },
            "notification-url": "https://packagist.org/downloads/",
            "license": [
                "MIT"
            ],
            "description": "DNS protocol implementation written in pure PHP",
            "keywords": [
                "dns"
            ],
            "time": "2016-04-29T20:47:45+00:00"
        },
        {
            "name": "league/climate",
            "version": "3.2.1",
            "source": {
                "type": "git",
                "url": "https://github.com/thephpleague/climate.git",
                "reference": "b103fc8faa3780c802cc507d5f0ff534ecc94fb5"
            },
            "dist": {
                "type": "zip",
                "url": "https://api.github.com/repos/thephpleague/climate/zipball/b103fc8faa3780c802cc507d5f0ff534ecc94fb5",
                "reference": "b103fc8faa3780c802cc507d5f0ff534ecc94fb5",
                "shasum": ""
            },
            "require": {
                "php": ">=5.4.0",
                "seld/cli-prompt": "~1.0"
            },
            "require-dev": {
                "mikey179/vfsstream": "~1.4",
                "mockery/mockery": "~0.9",
                "phpunit/phpunit": "~4.6"
            },
            "type": "library",
            "autoload": {
                "psr-4": {
                    "League\\CLImate\\": "src/"
                }
            },
            "notification-url": "https://packagist.org/downloads/",
            "license": [
                "MIT"
            ],
            "authors": [
                {
                    "name": "Joe Tannenbaum",
                    "email": "hey@joe.codes",
                    "homepage": "http://joe.codes/",
                    "role": "Developer"
                }
            ],
            "description": "PHP's best friend for the terminal. CLImate allows you to easily output colored text, special formats, and more.",
            "keywords": [
                "cli",
                "colors",
                "command",
                "php",
                "terminal"
            ],
            "time": "2016-04-04T20:24:59+00:00"
        },
        {
            "name": "nikic/fast-route",
            "version": "v1.2.0",
            "source": {
                "type": "git",
                "url": "https://github.com/nikic/FastRoute.git",
                "reference": "b5f95749071c82a8e0f58586987627054400cdf6"
            },
            "dist": {
                "type": "zip",
                "url": "https://api.github.com/repos/nikic/FastRoute/zipball/b5f95749071c82a8e0f58586987627054400cdf6",
                "reference": "b5f95749071c82a8e0f58586987627054400cdf6",
                "shasum": ""
            },
            "require": {
                "php": ">=5.4.0"
            },
            "type": "library",
            "autoload": {
                "psr-4": {
                    "FastRoute\\": "src/"
                },
                "files": [
                    "src/functions.php"
                ]
            },
            "notification-url": "https://packagist.org/downloads/",
            "license": [
                "BSD-3-Clause"
            ],
            "authors": [
                {
                    "name": "Nikita Popov",
                    "email": "nikic@php.net"
                }
            ],
            "description": "Fast request router for PHP",
            "keywords": [
                "router",
                "routing"
            ],
            "time": "2017-01-19T11:35:12+00:00"
        },
        {
            "name": "psr/log",
            "version": "1.0.2",
            "source": {
                "type": "git",
                "url": "https://github.com/php-fig/log.git",
                "reference": "4ebe3a8bf773a19edfe0a84b6585ba3d401b724d"
            },
            "dist": {
                "type": "zip",
                "url": "https://api.github.com/repos/php-fig/log/zipball/4ebe3a8bf773a19edfe0a84b6585ba3d401b724d",
                "reference": "4ebe3a8bf773a19edfe0a84b6585ba3d401b724d",
                "shasum": ""
            },
            "require": {
                "php": ">=5.3.0"
            },
            "type": "library",
            "extra": {
                "branch-alias": {
                    "dev-master": "1.0.x-dev"
                }
            },
            "autoload": {
                "psr-4": {
                    "Psr\\Log\\": "Psr/Log/"
                }
            },
            "notification-url": "https://packagist.org/downloads/",
            "license": [
                "MIT"
            ],
            "authors": [
                {
                    "name": "PHP-FIG",
                    "homepage": "http://www.php-fig.org/"
                }
            ],
            "description": "Common interface for logging libraries",
            "homepage": "https://github.com/php-fig/log",
            "keywords": [
                "log",
                "psr",
                "psr-3"
            ],
            "time": "2016-10-10T12:19:37+00:00"
        },
        {
            "name": "seld/cli-prompt",
            "version": "1.0.2",
            "source": {
                "type": "git",
                "url": "https://github.com/Seldaek/cli-prompt.git",
                "reference": "8cbe10923cae5bcd7c5a713f6703fc4727c8c1b4"
            },
            "dist": {
                "type": "zip",
                "url": "https://api.github.com/repos/Seldaek/cli-prompt/zipball/8cbe10923cae5bcd7c5a713f6703fc4727c8c1b4",
                "reference": "8cbe10923cae5bcd7c5a713f6703fc4727c8c1b4",
                "shasum": ""
            },
            "require": {
                "php": ">=5.3"
            },
            "type": "library",
            "extra": {
                "branch-alias": {
                    "dev-master": "1.x-dev"
                }
            },
            "autoload": {
                "psr-4": {
                    "Seld\\CliPrompt\\": "src/"
                }
            },
            "notification-url": "https://packagist.org/downloads/",
            "license": [
                "MIT"
            ],
            "authors": [
                {
                    "name": "Jordi Boggiano",
                    "email": "j.boggiano@seld.be"
                }
            ],
            "description": "Allows you to prompt for user input on the command line, and optionally hide the characters they type",
            "keywords": [
                "cli",
                "console",
                "hidden",
                "input",
                "prompt"
            ],
            "time": "2016-04-18T09:31:41+00:00"
        },
        {
            "name": "theory/builder",
            "version": "0.0.1",
            "source": {
                "type": "git",
                "url": "https://github.com/theorymc/builder.git",
                "reference": "d33e13f076b87ae4742c84c387a9c14357808ecf"
            },
            "dist": {
                "type": "zip",
                "url": "https://api.github.com/repos/theorymc/builder/zipball/d33e13f076b87ae4742c84c387a9c14357808ecf",
                "reference": "d33e13f076b87ae4742c84c387a9c14357808ecf",
                "shasum": ""
            },
            "require": {
                "php": "^5.6|^7.0",
                "xpaw/php-minecraft-query": "^1.0",
                "xpaw/php-source-query-class": "^1.0"
            },
            "require-dev": {
                "phpunit/phpunit": "^4.0|^5.0"
            },
            "type": "library",
            "autoload": {
                "psr-4": {
                    "Theory\\Builder\\": "src"
                }
            },
            "notification-url": "https://packagist.org/downloads/",
            "license": [
                "MIT"
            ],
            "description": "An object-oriented approach to server modification",
            "time": "2016-07-09T08:42:55+00:00"
        },
        {
            "name": "xpaw/php-minecraft-query",
            "version": "1.0.0",
            "source": {
                "type": "git",
                "url": "https://github.com/xPaw/PHP-Minecraft-Query.git",
                "reference": "828161dda59fc8a542c912afb019b36d6371f54c"
            },
            "dist": {
                "type": "zip",
                "url": "https://api.github.com/repos/xPaw/PHP-Minecraft-Query/zipball/828161dda59fc8a542c912afb019b36d6371f54c",
                "reference": "828161dda59fc8a542c912afb019b36d6371f54c",
                "shasum": ""
            },
            "require": {
                "php": ">=5.4"
            },
            "type": "library",
            "autoload": {
                "psr-4": {
                    "xPaw\\": "src"
                }
            },
            "notification-url": "https://packagist.org/downloads/",
            "license": [
                "MIT"
            ],
            "description": "PHP library to query Minecraft servers",
            "keywords": [
                "minecraft"
            ],
            "time": "2015-10-06T07:59:49+00:00"
        },
        {
            "name": "xpaw/php-source-query-class",
            "version": "1.0.0",
            "source": {
                "type": "git",
                "url": "https://github.com/xPaw/PHP-Source-Query.git",
                "reference": "e798d8f7c2cdbfdd6496a8cd4574be32504c3338"
            },
            "dist": {
                "type": "zip",
                "url": "https://api.github.com/repos/xPaw/PHP-Source-Query/zipball/e798d8f7c2cdbfdd6496a8cd4574be32504c3338",
                "reference": "e798d8f7c2cdbfdd6496a8cd4574be32504c3338",
                "shasum": ""
            },
            "require": {
                "php": ">=5.4"
            },
            "type": "library",
            "autoload": {
                "psr-4": {
                    "xPaw\\SourceQuery\\": "SourceQuery/"
                }
            },
            "notification-url": "https://packagist.org/downloads/",
            "license": [
                "LGPL-2.1"
            ],
            "description": "PHP library to query and send RCON commands to servers based on \"Source Engine Query\" protocol",
            "homepage": "https://github.com/xPaw/PHP-Source-Query",
            "keywords": [
                "ark",
                "counter-strike",
                "csgo",
                "gmod",
                "minecraft",
                "rcon",
                "rust",
                "starbound",
                "team fortress"
            ],
            "time": "2015-10-11T10:10:35+00:00"
        }
    ],
    "packages-dev": [],
    "aliases": [],
    "minimum-stability": "dev",
    "stability-flags": {
        "amphp/loop": 20,
        "amphp/aerys": 20
    },
    "prefer-stable": true,
    "prefer-lowest": false,
    "platform": [],
    "platform-dev": []
}
